{
  "requires": true,
  "lockfileVersion": 1,
  "dependencies": {
    "pnpm": {
      "version": "6.29.1",
      "resolved": "https://registry.npmjs.org/pnpm/-/pnpm-6.29.1.tgz",
      "integrity": "sha512-ZOTHREJQSwLgK9psbH+BxGFY6Wvky4XYBYTZsULihuj1GPEsGcRZpxFgkX73OdLrYaZBeGMPadCYqGeK5gZu1A=="
    }
  }
}
